
Microsoft Visual Studio Solution File, Format Version 12.00
# Visual Studio Version 16
VisualStudioVersion = 16.0.29418.71
MinimumVisualStudioVersion = 10.0.40219.1
Project("{8BC9CEB8-8B4A-11D0-8D11-00A0C91BC942}") = "LAB1", "LAB1\LAB1.vcxproj", "{A8F02E16-1611-48D0-BE21-69642E0CDEF2}"
EndProject
Project("{8BC9CEB8-8B4A-11D0-8D11-00A0C91BC942}") = "LAB2", "LAB2\LAB2.vcxproj", "{CC2C6377-F1BD-4C1B-8466-8F7626EE9C8E}"
EndProject
Project("{8BC9CEB8-8B4A-11D0-8D11-00A0C91BC942}") = "LAB3", "LAB3\LAB3.vcxproj", "{3A97CE96-4AC8-4C21-B5EF-B0F3BAC7F076}"
EndProject
Project("{8BC9CEB8-8B4A-11D0-8D11-00A0C91BC942}") = "LAB4", "LAB4\LAB4.vcxproj", "{228232A6-6A8A-4AF8-9079-8B96DEFB9D62}"
EndProject
Project("{8BC9CEB8-8B4A-11D0-8D11-00A0C91BC942}") = "LAB5", "LAB5\LAB5.vcxproj", "{8B4BBCCE-6030-4912-8DC6-6F507679B7B0}"
EndProject
Global
	GlobalSection(SolutionConfigurationPlatforms) = preSolution
		Debug|x64 = Debug|x64
		Debug|x86 = Debug|x86
		Release|x64 = Release|x64
		Release|x86 = Release|x86
	EndGlobalSection
	GlobalSection(ProjectConfigurationPlatforms) = postSolution
		{A8F02E16-1611-48D0-BE21-69642E0CDEF2}.Debug|x64.ActiveCfg = Debug|x64
		{A8F02E16-1611-48D0-BE21-69642E0CDEF2}.Debug|x64.Build.0 = Debug|x64
		{A8F02E16-1611-48D0-BE21-69642E0CDEF2}.Debug|x86.ActiveCfg = Debug|Win32
		{A8F02E16-1611-48D0-BE21-69642E0CDEF2}.Debug|x86.Build.0 = Debug|Win32
		{A8F02E16-1611-48D0-BE21-69642E0CDEF2}.Release|x64.ActiveCfg = Release|x64
		{A8F02E16-1611-48D0-BE21-69642E0CDEF2}.Release|x64.Build.0 = Release|x64
		{A8F02E16-1611-48D0-BE21-69642E0CDEF2}.Release|x86.ActiveCfg = Release|Win32
		{A8F02E16-1611-48D0-BE21-69642E0CDEF2}.Release|x86.Build.0 = Release|Win32
		{CC2C6377-F1BD-4C1B-8466-8F7626EE9C8E}.Debug|x64.ActiveCfg = Debug|x64
		{CC2C6377-F1BD-4C1B-8466-8F7626EE9C8E}.Debug|x64.Build.0 = Debug|x64
		{CC2C6377-F1BD-4C1B-8466-8F7626EE9C8E}.Debug|x86.ActiveCfg = Debug|Win32
		{CC2C6377-F1BD-4C1B-8466-8F7626EE9C8E}.Debug|x86.Build.0 = Debug|Win32
		{CC2C6377-F1BD-4C1B-8466-8F7626EE9C8E}.Release|x64.ActiveCfg = Release|x64
		{CC2C6377-F1BD-4C1B-8466-8F7626EE9C8E}.Release|x64.Build.0 = Release|x64
		{CC2C6377-F1BD-4C1B-8466-8F7626EE9C8E}.Release|x86.ActiveCfg = Release|Win32
		{CC2C6377-F1BD-4C1B-8466-8F7626EE9C8E}.Release|x86.Build.0 = Release|Win32
		{3A97CE96-4AC8-4C21-B5EF-B0F3BAC7F076}.Debug|x64.ActiveCfg = Debug|x64
		{3A97CE96-4AC8-4C21-B5EF-B0F3BAC7F076}.Debug|x64.Build.0 = Debug|x64
		{3A97CE96-4AC8-4C21-B5EF-B0F3BAC7F076}.Debug|x86.ActiveCfg = Debug|Win32
		{3A97CE96-4AC8-4C21-B5EF-B0F3BAC7F076}.Debug|x86.Build.0 = Debug|Win32
		{3A97CE96-4AC8-4C21-B5EF-B0F3BAC7F076}.Release|x64.ActiveCfg = Release|x64
		{3A97CE96-4AC8-4C21-B5EF-B0F3BAC7F076}.Release|x64.Build.0 = Release|x64
		{3A97CE96-4AC8-4C21-B5EF-B0F3BAC7F076}.Release|x86.ActiveCfg = Release|Win32
		{3A97CE96-4AC8-4C21-B5EF-B0F3BAC7F076}.Release|x86.Build.0 = Release|Win32
		{228232A6-6A8A-4AF8-9079-8B96DEFB9D62}.Debug|x64.ActiveCfg = Debug|x64
		{228232A6-6A8A-4AF8-9079-8B96DEFB9D62}.Debug|x64.Build.0 = Debug|x64
		{228232A6-6A8A-4AF8-9079-8B96DEFB9D62}.Debug|x86.ActiveCfg = Debug|Win32
		{228232A6-6A8A-4AF8-9079-8B96DEFB9D62}.Debug|x86.Build.0 = Debug|Win32
		{228232A6-6A8A-4AF8-9079-8B96DEFB9D62}.Release|x64.ActiveCfg = Release|x64
		{228232A6-6A8A-4AF8-9079-8B96DEFB9D62}.Release|x64.Build.0 = Release|x64
		{228232A6-6A8A-4AF8-9079-8B96DEFB9D62}.Release|x86.ActiveCfg = Release|Win32
		{228232A6-6A8A-4AF8-9079-8B96DEFB9D62}.Release|x86.Build.0 = Release|Win32
		{8B4BBCCE-6030-4912-8DC6-6F507679B7B0}.Debug|x64.ActiveCfg = Debug|x64
		{8B4BBCCE-6030-4912-8DC6-6F507679B7B0}.Debug|x64.Build.0 = Debug|x64
		{8B4BBCCE-6030-4912-8DC6-6F507679B7B0}.Debug|x86.ActiveCfg = Debug|Win32
		{8B4BBCCE-6030-4912-8DC6-6F507679B7B0}.Debug|x86.Build.0 = Debug|Win32
		{8B4BBCCE-6030-4912-8DC6-6F507679B7B0}.Release|x64.ActiveCfg = Release|x64
		{8B4BBCCE-6030-4912-8DC6-6F507679B7B0}.Release|x64.Build.0 = Release|x64
		{8B4BBCCE-6030-4912-8DC6-6F507679B7B0}.Release|x86.ActiveCfg = Release|Win32
		{8B4BBCCE-6030-4912-8DC6-6F507679B7B0}.Release|x86.Build.0 = Release|Win32
	EndGlobalSection
	GlobalSection(SolutionProperties) = preSolution
		HideSolutionNode = FALSE
	EndGlobalSection
	GlobalSection(ExtensibilityGlobals) = postSolution
		SolutionGuid = {031D8C2F-87AA-4A81-B27E-DAA4AE9664FF}
	EndGlobalSection
EndGlobal
